# This file is automatically @generated by Cargo.
# It is not intended for manual editing.
version = 3

[[package]]
name = "configure"
version = "0.0.0"
dependencies = [
 "ninja-writer",
]

[[package]]
name = "ninja-writer"
version = "0.1.2"
source = "registry+https://github.com/rust-lang/crates.io-index"
checksum = "fa9b33f6963612addd1e0e231595e4fac9e75f2472c9b3199de604d29de59091"
